
Microsoft Visual Studio Solution File, Format Version 12.00
# Visual Studio 15
VisualStudioVersion = 15.0.27428.2002
MinimumVisualStudioVersion = 10.0.40219.1
Project("{FAE04EC0-301F-11D3-BF4B-00C04F79EFBC}") = "HardwareShop.Entities", "HardwareShop.Entities\HardwareShop.Entities.csproj", "{471CEEA6-B9C4-4335-9FEB-9CD4A39E2095}"
EndProject
Project("{FAE04EC0-301F-11D3-BF4B-00C04F79EFBC}") = "HardwareShop.Database", "HardwareShop.Database\HardwareShop.Database.csproj", "{BF51C3AA-866E-444B-8E34-EBC31834A524}"
EndProject
Project("{FAE04EC0-301F-11D3-BF4B-00C04F79EFBC}") = "HardwareShop.Services", "HardwareShop.Services\HardwareShop.Services.csproj", "{FFD3872F-AFDA-4F0B-8063-86D02BBA493A}"
EndProject
Global
	GlobalSection(SolutionConfigurationPlatforms) = preSolution
		Debug|Any CPU = Debug|Any CPU
		Release|Any CPU = Release|Any CPU
	EndGlobalSection
	GlobalSection(ProjectConfigurationPlatforms) = postSolution
		{471CEEA6-B9C4-4335-9FEB-9CD4A39E2095}.Debug|Any CPU.ActiveCfg = Debug|Any CPU
		{471CEEA6-B9C4-4335-9FEB-9CD4A39E2095}.Debug|Any CPU.Build.0 = Debug|Any CPU
		{471CEEA6-B9C4-4335-9FEB-9CD4A39E2095}.Release|Any CPU.ActiveCfg = Release|Any CPU
		{471CEEA6-B9C4-4335-9FEB-9CD4A39E2095}.Release|Any CPU.Build.0 = Release|Any CPU
		{BF51C3AA-866E-444B-8E34-EBC31834A524}.Debug|Any CPU.ActiveCfg = Debug|Any CPU
		{BF51C3AA-866E-444B-8E34-EBC31834A524}.Debug|Any CPU.Build.0 = Debug|Any CPU
		{BF51C3AA-866E-444B-8E34-EBC31834A524}.Release|Any CPU.ActiveCfg = Release|Any CPU
		{BF51C3AA-866E-444B-8E34-EBC31834A524}.Release|Any CPU.Build.0 = Release|Any CPU
		{FFD3872F-AFDA-4F0B-8063-86D02BBA493A}.Debug|Any CPU.ActiveCfg = Debug|Any CPU
		{FFD3872F-AFDA-4F0B-8063-86D02BBA493A}.Debug|Any CPU.Build.0 = Debug|Any CPU
		{FFD3872F-AFDA-4F0B-8063-86D02BBA493A}.Release|Any CPU.ActiveCfg = Release|Any CPU
		{FFD3872F-AFDA-4F0B-8063-86D02BBA493A}.Release|Any CPU.Build.0 = Release|Any CPU
	EndGlobalSection
	GlobalSection(SolutionProperties) = preSolution
		HideSolutionNode = FALSE
	EndGlobalSection
	GlobalSection(ExtensibilityGlobals) = postSolution
		SolutionGuid = {58584517-A86B-40AA-9E37-8C430D23BE07}
	EndGlobalSection
EndGlobal
